
Microsoft Visual Studio Solution File, Format Version 12.00
# Visual Studio Version 17
VisualStudioVersion = 17.0.32112.339
MinimumVisualStudioVersion = 10.0.40219.1
Project("{9A19103F-16F7-4668-BE54-9A1E7A4F7556}") = "AddonManager", "AddonManager\AddonManager.csproj", "{F209D92A-FC25-4EA9-8C90-225F72146230}"
EndProject
Project("{2150E333-8FDC-42A3-9474-1A3956D46DE8}") = "LoonBestInSlot", "LoonBestInSlot", "{FD14C287-3398-46A3-BCC5-F8C68903B6ED}"
	ProjectSection(SolutionItems) = preProject
		LoonBestInSlot\Common.lua = LoonBestInSlot\Common.lua
		LoonBestInSlot\EnchantList.lua = LoonBestInSlot\EnchantList.lua
		LoonBestInSlot\EnchantSources.lua = LoonBestInSlot\EnchantSources.lua
		LoonBestInSlot\GemList.lua = LoonBestInSlot\GemList.lua
		LoonBestInSlot\GemSources.lua = LoonBestInSlot\GemSources.lua
		LoonBestInSlot\ItemList.lua = LoonBestInSlot\ItemList.lua
		LoonBestInSlot\ItemSources.lua = LoonBestInSlot\ItemSources.lua
		LoonBestInSlot\LoonBestInSlot.lua = LoonBestInSlot\LoonBestInSlot.lua
		LoonBestInSlot\LoonBestInSlot.toc = LoonBestInSlot\LoonBestInSlot.toc
		LoonBestInSlot\LootBrowser.lua = LoonBestInSlot\LootBrowser.lua
		LoonBestInSlot\MinimapButton.lua = LoonBestInSlot\MinimapButton.lua
		LoonBestInSlot\UpdateTooltips.lua = LoonBestInSlot\UpdateTooltips.lua
		LoonBestInSlot\UserItemCache.lua = LoonBestInSlot\UserItemCache.lua
	EndProjectSection
EndProject
Project("{2150E333-8FDC-42A3-9474-1A3956D46DE8}") = "Icons", "Icons", "{6CCD2B99-F189-4674-A1A1-9B8BB8954ECD}"
	ProjectSection(SolutionItems) = preProject
		LoonBestInSlot\Icons\bag.tga = LoonBestInSlot\Icons\bag.tga
		LoonBestInSlot\Icons\bank.tga = LoonBestInSlot\Icons\bank.tga
		LoonBestInSlot\Icons\checkmark.tga = LoonBestInSlot\Icons\checkmark.tga
		LoonBestInSlot\Icons\loon.tga = LoonBestInSlot\Icons\loon.tga
	EndProjectSection
EndProject
Project("{2150E333-8FDC-42A3-9474-1A3956D46DE8}") = "libs", "libs", "{5D7B4E6E-0F3B-4D5C-B6FE-1447C37D766C}"
	ProjectSection(SolutionItems) = preProject
		LoonBestInSlot\libs\CallbackHandler-1.0.lua = LoonBestInSlot\libs\CallbackHandler-1.0.lua
		LoonBestInSlot\libs\LibDataBroker-1.1.lua = LoonBestInSlot\libs\LibDataBroker-1.1.lua
		LoonBestInSlot\libs\LibDBIcon-1.0.lua = LoonBestInSlot\libs\LibDBIcon-1.0.lua
		LoonBestInSlot\libs\LibStub.lua = LoonBestInSlot\libs\LibStub.lua
	EndProjectSection
EndProject
Project("{2150E333-8FDC-42A3-9474-1A3956D46DE8}") = "LibExtraTip", "LibExtraTip", "{D5FED119-E194-43B0-A4AD-5A6B42A07CE8}"
	ProjectSection(SolutionItems) = preProject
		LoonBestInSlot\libs\LibExtraTip\API.html = LoonBestInSlot\libs\LibExtraTip\API.html
		LoonBestInSlot\libs\LibExtraTip\API.txt = LoonBestInSlot\libs\LibExtraTip\API.txt
		LoonBestInSlot\libs\LibExtraTip\LibExtraTip.lua = LoonBestInSlot\libs\LibExtraTip\LibExtraTip.lua
		LoonBestInSlot\libs\LibExtraTip\LibExtraTip.toc = LoonBestInSlot\libs\LibExtraTip\LibExtraTip.toc
		LoonBestInSlot\libs\LibExtraTip\LibMoneyFrame.lua = LoonBestInSlot\libs\LibExtraTip\LibMoneyFrame.lua
		LoonBestInSlot\libs\LibExtraTip\Load.xml = LoonBestInSlot\libs\LibExtraTip\Load.xml
	EndProjectSection
EndProject
Project("{2150E333-8FDC-42A3-9474-1A3956D46DE8}") = "Support", "Support", "{F190ACBF-2A49-4D83-9F69-7E521FBA2016}"
	ProjectSection(SolutionItems) = preProject
		LoonBestInSlot\libs\LibExtraTip\Support\LibRevision.lua = LoonBestInSlot\libs\LibExtraTip\Support\LibRevision.lua
		LoonBestInSlot\libs\LibExtraTip\Support\LibStub.lua = LoonBestInSlot\libs\LibExtraTip\Support\LibStub.lua
		LoonBestInSlot\libs\LibExtraTip\Support\Load.xml = LoonBestInSlot\libs\LibExtraTip\Support\Load.xml
	EndProjectSection
EndProject
Project("{2150E333-8FDC-42A3-9474-1A3956D46DE8}") = "Solution Items", "Solution Items", "{FC3ACBDB-76F6-40AD-80DF-68EE0D68E129}"
	ProjectSection(SolutionItems) = preProject
		Readme.md = Readme.md
	EndProjectSection
EndProject
Project("{2150E333-8FDC-42A3-9474-1A3956D46DE8}") = "Guides", "Guides", "{6685BDBB-9627-45A1-96D3-46D882F28A67}"
	ProjectSection(SolutionItems) = preProject
		LoonBestInSlot\Guides\Guides.xml = LoonBestInSlot\Guides\Guides.xml
	EndProjectSection
EndProject
Project("{2150E333-8FDC-42A3-9474-1A3956D46DE8}") = "Phase0", "Phase0", "{710C8787-27EB-44FA-9AF7-7337759EA054}"
	ProjectSection(SolutionItems) = preProject
		LoonBestInSlot\Guides\Phase0\DeathKnightBlood.lua = LoonBestInSlot\Guides\Phase0\DeathKnightBlood.lua
		LoonBestInSlot\Guides\Phase0\DeathKnightFrost.lua = LoonBestInSlot\Guides\Phase0\DeathKnightFrost.lua
		LoonBestInSlot\Guides\Phase0\DeathKnightUnholy.lua = LoonBestInSlot\Guides\Phase0\DeathKnightUnholy.lua
		LoonBestInSlot\Guides\Phase0\DruidBalance.lua = LoonBestInSlot\Guides\Phase0\DruidBalance.lua
		LoonBestInSlot\Guides\Phase0\DruidBear.lua = LoonBestInSlot\Guides\Phase0\DruidBear.lua
		LoonBestInSlot\Guides\Phase0\DruidCat.lua = LoonBestInSlot\Guides\Phase0\DruidCat.lua
		LoonBestInSlot\Guides\Phase0\DruidRestoration.lua = LoonBestInSlot\Guides\Phase0\DruidRestoration.lua
		LoonBestInSlot\Guides\Phase0\HunterBeastMastery.lua = LoonBestInSlot\Guides\Phase0\HunterBeastMastery.lua
		LoonBestInSlot\Guides\Phase0\HunterSurvival.lua = LoonBestInSlot\Guides\Phase0\HunterSurvival.lua
		LoonBestInSlot\Guides\Phase0\HunterMarksmanship.lua = LoonBestInSlot\Guides\Phase0\HunterMarksmanship.lua
		LoonBestInSlot\Guides\Phase0\MageArcane.lua = LoonBestInSlot\Guides\Phase0\MageArcane.lua
		LoonBestInSlot\Guides\Phase0\MageFire.lua = LoonBestInSlot\Guides\Phase0\MageFire.lua
		LoonBestInSlot\Guides\Phase0\MageFrost.lua = LoonBestInSlot\Guides\Phase0\MageFrost.lua
		LoonBestInSlot\Guides\Phase0\PaladinHoly.lua = LoonBestInSlot\Guides\Phase0\PaladinHoly.lua
		LoonBestInSlot\Guides\Phase0\PaladinProtection.lua = LoonBestInSlot\Guides\Phase0\PaladinProtection.lua
		LoonBestInSlot\Guides\Phase0\PaladinRetribution.lua = LoonBestInSlot\Guides\Phase0\PaladinRetribution.lua
		LoonBestInSlot\Guides\Phase0\PriestDiscipline.lua = LoonBestInSlot\Guides\Phase0\PriestDiscipline.lua
		LoonBestInSlot\Guides\Phase0\PriestHoly.lua = LoonBestInSlot\Guides\Phase0\PriestHoly.lua
		LoonBestInSlot\Guides\Phase0\PriestShadow.lua = LoonBestInSlot\Guides\Phase0\PriestShadow.lua
		LoonBestInSlot\Guides\Phase0\RogueAssassination.lua = LoonBestInSlot\Guides\Phase0\RogueAssassination.lua
		LoonBestInSlot\Guides\Phase0\RogueCombat.lua = LoonBestInSlot\Guides\Phase0\RogueCombat.lua
		LoonBestInSlot\Guides\Phase0\RogueSubtlety.lua = LoonBestInSlot\Guides\Phase0\RogueSubtlety.lua
		LoonBestInSlot\Guides\Phase0\ShamanElemental.lua = LoonBestInSlot\Guides\Phase0\ShamanElemental.lua
		LoonBestInSlot\Guides\Phase0\ShamanEnhancement.lua = LoonBestInSlot\Guides\Phase0\ShamanEnhancement.lua
		LoonBestInSlot\Guides\Phase0\ShamanRestoration.lua = LoonBestInSlot\Guides\Phase0\ShamanRestoration.lua
		LoonBestInSlot\Guides\Phase0\WarlockAffliction.lua = LoonBestInSlot\Guides\Phase0\WarlockAffliction.lua
		LoonBestInSlot\Guides\Phase0\WarlockDemonology.lua = LoonBestInSlot\Guides\Phase0\WarlockDemonology.lua
		LoonBestInSlot\Guides\Phase0\WarriorArms.lua = LoonBestInSlot\Guides\Phase0\WarriorArms.lua
		LoonBestInSlot\Guides\Phase0\WarlockDestruction.lua = LoonBestInSlot\Guides\Phase0\WarlockDestruction.lua
		LoonBestInSlot\Guides\Phase0\WarriorFury.lua = LoonBestInSlot\Guides\Phase0\WarriorFury.lua
		LoonBestInSlot\Guides\Phase0\WarriorProtection.lua = LoonBestInSlot\Guides\Phase0\WarriorProtection.lua
	EndProjectSection
EndProject
Project("{2150E333-8FDC-42A3-9474-1A3956D46DE8}") = "Phase1", "Phase1", "{D4DB39EB-F46D-4D10-B652-3880F4FE2507}"
	ProjectSection(SolutionItems) = preProject
		LoonBestInSlot\Guides\Phase1\DeathKnightBlood.lua = LoonBestInSlot\Guides\Phase1\DeathKnightBlood.lua
		LoonBestInSlot\Guides\Phase1\DeathKnightFrost.lua = LoonBestInSlot\Guides\Phase1\DeathKnightFrost.lua
		LoonBestInSlot\Guides\Phase1\DeathKnightUnholy.lua = LoonBestInSlot\Guides\Phase1\DeathKnightUnholy.lua
		LoonBestInSlot\Guides\Phase1\DruidBalance.lua = LoonBestInSlot\Guides\Phase1\DruidBalance.lua
		LoonBestInSlot\Guides\Phase1\DruidBear.lua = LoonBestInSlot\Guides\Phase1\DruidBear.lua
		LoonBestInSlot\Guides\Phase1\DruidCat.lua = LoonBestInSlot\Guides\Phase1\DruidCat.lua
		LoonBestInSlot\Guides\Phase1\DruidRestoration.lua = LoonBestInSlot\Guides\Phase1\DruidRestoration.lua
		LoonBestInSlot\Guides\Phase1\HunterBeastMastery.lua = LoonBestInSlot\Guides\Phase1\HunterBeastMastery.lua
		LoonBestInSlot\Guides\Phase1\HunterSurvival.lua = LoonBestInSlot\Guides\Phase1\HunterSurvival.lua
		LoonBestInSlot\Guides\Phase1\HunterMarksmanship.lua = LoonBestInSlot\Guides\Phase1\HunterMarksmanship.lua
		LoonBestInSlot\Guides\Phase1\MageArcane.lua = LoonBestInSlot\Guides\Phase1\MageArcane.lua
		LoonBestInSlot\Guides\Phase1\MageFire.lua = LoonBestInSlot\Guides\Phase1\MageFire.lua
		LoonBestInSlot\Guides\Phase1\MageFrost.lua = LoonBestInSlot\Guides\Phase1\MageFrost.lua
		LoonBestInSlot\Guides\Phase1\PaladinHoly.lua = LoonBestInSlot\Guides\Phase1\PaladinHoly.lua
		LoonBestInSlot\Guides\Phase1\PaladinProtection.lua = LoonBestInSlot\Guides\Phase1\PaladinProtection.lua
		LoonBestInSlot\Guides\Phase1\PaladinRetribution.lua = LoonBestInSlot\Guides\Phase1\PaladinRetribution.lua
		LoonBestInSlot\Guides\Phase1\PriestDiscipline.lua = LoonBestInSlot\Guides\Phase1\PriestDiscipline.lua
		LoonBestInSlot\Guides\Phase1\PriestHoly.lua = LoonBestInSlot\Guides\Phase1\PriestHoly.lua
		LoonBestInSlot\Guides\Phase1\PriestShadow.lua = LoonBestInSlot\Guides\Phase1\PriestShadow.lua
		LoonBestInSlot\Guides\Phase1\RogueAssassination.lua = LoonBestInSlot\Guides\Phase1\RogueAssassination.lua
		LoonBestInSlot\Guides\Phase1\RogueCombat.lua = LoonBestInSlot\Guides\Phase1\RogueCombat.lua
		LoonBestInSlot\Guides\Phase1\RogueSubtlety.lua = LoonBestInSlot\Guides\Phase1\RogueSubtlety.lua
		LoonBestInSlot\Guides\Phase1\ShamanElemental.lua = LoonBestInSlot\Guides\Phase1\ShamanElemental.lua
		LoonBestInSlot\Guides\Phase1\ShamanEnhancement.lua = LoonBestInSlot\Guides\Phase1\ShamanEnhancement.lua
		LoonBestInSlot\Guides\Phase1\ShamanRestoration.lua = LoonBestInSlot\Guides\Phase1\ShamanRestoration.lua
		LoonBestInSlot\Guides\Phase1\WarriorArms.lua = LoonBestInSlot\Guides\Phase1\WarriorArms.lua
		LoonBestInSlot\Guides\Phase1\WarlockAffliction.lua = LoonBestInSlot\Guides\Phase1\WarlockAffliction.lua
		LoonBestInSlot\Guides\Phase1\WarlockDemonology.lua = LoonBestInSlot\Guides\Phase1\WarlockDemonology.lua
		LoonBestInSlot\Guides\Phase1\WarlockDestruction.lua = LoonBestInSlot\Guides\Phase1\WarlockDestruction.lua
		LoonBestInSlot\Guides\Phase1\WarriorFury.lua = LoonBestInSlot\Guides\Phase1\WarriorFury.lua
		LoonBestInSlot\Guides\Phase1\WarriorProtection.lua = LoonBestInSlot\Guides\Phase1\WarriorProtection.lua
	EndProjectSection
EndProject
Project("{2150E333-8FDC-42A3-9474-1A3956D46DE8}") = "Localization", "Localization", "{248C145B-5864-4FE2-80B1-42D3565F2193}"
	ProjectSection(SolutionItems) = preProject
		LoonBestInSlot\Localization\localization.core.lua = LoonBestInSlot\Localization\localization.core.lua
		LoonBestInSlot\Localization\localization.deDE.lua = LoonBestInSlot\Localization\localization.deDE.lua
		LoonBestInSlot\Localization\localization.esES.lua = LoonBestInSlot\Localization\localization.esES.lua
		LoonBestInSlot\Localization\localization.esMX.lua = LoonBestInSlot\Localization\localization.esMX.lua
		LoonBestInSlot\Localization\localization.frFR.lua = LoonBestInSlot\Localization\localization.frFR.lua
		LoonBestInSlot\Localization\localization.koKR.lua = LoonBestInSlot\Localization\localization.koKR.lua
		LoonBestInSlot\Localization\localization.ruRU.lua = LoonBestInSlot\Localization\localization.ruRU.lua
		LoonBestInSlot\Localization\Localization.xml = LoonBestInSlot\Localization\Localization.xml
		LoonBestInSlot\Localization\localization.zhCN.lua = LoonBestInSlot\Localization\localization.zhCN.lua
		LoonBestInSlot\Localization\localization.zhTW.lua = LoonBestInSlot\Localization\localization.zhTW.lua
	EndProjectSection
EndProject
Project("{2150E333-8FDC-42A3-9474-1A3956D46DE8}") = "GemsAndEnchants", "GemsAndEnchants", "{BB82E965-D030-4ECA-9E97-DF33E4090AFB}"
	ProjectSection(SolutionItems) = preProject
		LoonBestInSlot\Guides\GemsAndEnchants\DeathKnightBlood.lua = LoonBestInSlot\Guides\GemsAndEnchants\DeathKnightBlood.lua
		LoonBestInSlot\Guides\GemsAndEnchants\DeathKnightFrost.lua = LoonBestInSlot\Guides\GemsAndEnchants\DeathKnightFrost.lua
		LoonBestInSlot\Guides\GemsAndEnchants\DeathKnightUnholy.lua = LoonBestInSlot\Guides\GemsAndEnchants\DeathKnightUnholy.lua
		LoonBestInSlot\Guides\GemsAndEnchants\DruidBalance.lua = LoonBestInSlot\Guides\GemsAndEnchants\DruidBalance.lua
		LoonBestInSlot\Guides\GemsAndEnchants\DruidBear.lua = LoonBestInSlot\Guides\GemsAndEnchants\DruidBear.lua
		LoonBestInSlot\Guides\GemsAndEnchants\DruidCat.lua = LoonBestInSlot\Guides\GemsAndEnchants\DruidCat.lua
		LoonBestInSlot\Guides\GemsAndEnchants\DruidRestoration.lua = LoonBestInSlot\Guides\GemsAndEnchants\DruidRestoration.lua
		LoonBestInSlot\Guides\GemsAndEnchants\HunterBeastMastery.lua = LoonBestInSlot\Guides\GemsAndEnchants\HunterBeastMastery.lua
		LoonBestInSlot\Guides\GemsAndEnchants\HunterSurvival.lua = LoonBestInSlot\Guides\GemsAndEnchants\HunterSurvival.lua
		LoonBestInSlot\Guides\GemsAndEnchants\HunterMarksmanship.lua = LoonBestInSlot\Guides\GemsAndEnchants\HunterMarksmanship.lua
		LoonBestInSlot\Guides\GemsAndEnchants\MageArcane.lua = LoonBestInSlot\Guides\GemsAndEnchants\MageArcane.lua
		LoonBestInSlot\Guides\GemsAndEnchants\MageFire.lua = LoonBestInSlot\Guides\GemsAndEnchants\MageFire.lua
		LoonBestInSlot\Guides\GemsAndEnchants\MageFrost.lua = LoonBestInSlot\Guides\GemsAndEnchants\MageFrost.lua
		LoonBestInSlot\Guides\GemsAndEnchants\PaladinHoly.lua = LoonBestInSlot\Guides\GemsAndEnchants\PaladinHoly.lua
		LoonBestInSlot\Guides\GemsAndEnchants\PaladinProtection.lua = LoonBestInSlot\Guides\GemsAndEnchants\PaladinProtection.lua
		LoonBestInSlot\Guides\GemsAndEnchants\PaladinRetribution.lua = LoonBestInSlot\Guides\GemsAndEnchants\PaladinRetribution.lua
		LoonBestInSlot\Guides\GemsAndEnchants\PriestDiscipline.lua = LoonBestInSlot\Guides\GemsAndEnchants\PriestDiscipline.lua
		LoonBestInSlot\Guides\GemsAndEnchants\PriestHoly.lua = LoonBestInSlot\Guides\GemsAndEnchants\PriestHoly.lua
		LoonBestInSlot\Guides\GemsAndEnchants\PriestShadow.lua = LoonBestInSlot\Guides\GemsAndEnchants\PriestShadow.lua
		LoonBestInSlot\Guides\GemsAndEnchants\RogueAssassination.lua = LoonBestInSlot\Guides\GemsAndEnchants\RogueAssassination.lua
		LoonBestInSlot\Guides\GemsAndEnchants\RogueCombat.lua = LoonBestInSlot\Guides\GemsAndEnchants\RogueCombat.lua
		LoonBestInSlot\Guides\GemsAndEnchants\RogueSubtlety.lua = LoonBestInSlot\Guides\GemsAndEnchants\RogueSubtlety.lua
		LoonBestInSlot\Guides\GemsAndEnchants\ShamanElemental.lua = LoonBestInSlot\Guides\GemsAndEnchants\ShamanElemental.lua
		LoonBestInSlot\Guides\GemsAndEnchants\ShamanEnhancement.lua = LoonBestInSlot\Guides\GemsAndEnchants\ShamanEnhancement.lua
		LoonBestInSlot\Guides\GemsAndEnchants\ShamanRestoration.lua = LoonBestInSlot\Guides\GemsAndEnchants\ShamanRestoration.lua
		LoonBestInSlot\Guides\GemsAndEnchants\WarriorArms.lua = LoonBestInSlot\Guides\GemsAndEnchants\WarriorArms.lua
		LoonBestInSlot\Guides\GemsAndEnchants\WarlockAffliction.lua = LoonBestInSlot\Guides\GemsAndEnchants\WarlockAffliction.lua
		LoonBestInSlot\Guides\GemsAndEnchants\WarlockDemonology.lua = LoonBestInSlot\Guides\GemsAndEnchants\WarlockDemonology.lua
		LoonBestInSlot\Guides\GemsAndEnchants\WarlockDestruction.lua = LoonBestInSlot\Guides\GemsAndEnchants\WarlockDestruction.lua
		LoonBestInSlot\Guides\GemsAndEnchants\WarriorFury.lua = LoonBestInSlot\Guides\GemsAndEnchants\WarriorFury.lua
		LoonBestInSlot\Guides\GemsAndEnchants\WarriorProtection.lua = LoonBestInSlot\Guides\GemsAndEnchants\WarriorProtection.lua
	EndProjectSection
EndProject
Global
	GlobalSection(SolutionConfigurationPlatforms) = preSolution
		Debug|Any CPU = Debug|Any CPU
		Release|Any CPU = Release|Any CPU
	EndGlobalSection
	GlobalSection(ProjectConfigurationPlatforms) = postSolution
		{F209D92A-FC25-4EA9-8C90-225F72146230}.Debug|Any CPU.ActiveCfg = Debug|Any CPU
		{F209D92A-FC25-4EA9-8C90-225F72146230}.Debug|Any CPU.Build.0 = Debug|Any CPU
		{F209D92A-FC25-4EA9-8C90-225F72146230}.Release|Any CPU.ActiveCfg = Release|Any CPU
		{F209D92A-FC25-4EA9-8C90-225F72146230}.Release|Any CPU.Build.0 = Release|Any CPU
	EndGlobalSection
	GlobalSection(SolutionProperties) = preSolution
		HideSolutionNode = FALSE
	EndGlobalSection
	GlobalSection(NestedProjects) = preSolution
		{6CCD2B99-F189-4674-A1A1-9B8BB8954ECD} = {FD14C287-3398-46A3-BCC5-F8C68903B6ED}
		{5D7B4E6E-0F3B-4D5C-B6FE-1447C37D766C} = {FD14C287-3398-46A3-BCC5-F8C68903B6ED}
		{D5FED119-E194-43B0-A4AD-5A6B42A07CE8} = {5D7B4E6E-0F3B-4D5C-B6FE-1447C37D766C}
		{F190ACBF-2A49-4D83-9F69-7E521FBA2016} = {D5FED119-E194-43B0-A4AD-5A6B42A07CE8}
		{6685BDBB-9627-45A1-96D3-46D882F28A67} = {FD14C287-3398-46A3-BCC5-F8C68903B6ED}
		{710C8787-27EB-44FA-9AF7-7337759EA054} = {6685BDBB-9627-45A1-96D3-46D882F28A67}
		{D4DB39EB-F46D-4D10-B652-3880F4FE2507} = {6685BDBB-9627-45A1-96D3-46D882F28A67}
		{248C145B-5864-4FE2-80B1-42D3565F2193} = {FD14C287-3398-46A3-BCC5-F8C68903B6ED}
		{BB82E965-D030-4ECA-9E97-DF33E4090AFB} = {6685BDBB-9627-45A1-96D3-46D882F28A67}
	EndGlobalSection
	GlobalSection(ExtensibilityGlobals) = postSolution
		SolutionGuid = {1EC8A0A9-B7E7-48E2-9272-317A8A0C0916}
	EndGlobalSection
EndGlobal
