
Microsoft Visual Studio Solution File, Format Version 12.00
# Visual Studio Version 17
VisualStudioVersion = 17.0.32112.339
MinimumVisualStudioVersion = 10.0.40219.1
Project("{9A19103F-16F7-4668-BE54-9A1E7A4F7556}") = "AddonManager", "AddonManager\AddonManager.csproj", "{F209D92A-FC25-4EA9-8C90-225F72146230}"
EndProject
Project("{2150E333-8FDC-42A3-9474-1A3956D46DE8}") = "LoonBestInSlot", "LoonBestInSlot", "{FD14C287-3398-46A3-BCC5-F8C68903B6ED}"
	ProjectSection(SolutionItems) = preProject
		LoonBestInSlot\Common.lua = LoonBestInSlot\Common.lua
		LoonBestInSlot\LoonBestInSlot.lua = LoonBestInSlot\LoonBestInSlot.lua
		LoonBestInSlot\LoonBestInSlot.toc = LoonBestInSlot\LoonBestInSlot.toc
		LoonBestInSlot\MinimapButton.lua = LoonBestInSlot\MinimapButton.lua
		LoonBestInSlot\Settings.lua = LoonBestInSlot\Settings.lua
		LoonBestInSlot\UpdateTooltips.lua = LoonBestInSlot\UpdateTooltips.lua
		LoonBestInSlot\UserItemCache.lua = LoonBestInSlot\UserItemCache.lua
	EndProjectSection
EndProject
Project("{2150E333-8FDC-42A3-9474-1A3956D46DE8}") = "Icons", "Icons", "{6CCD2B99-F189-4674-A1A1-9B8BB8954ECD}"
	ProjectSection(SolutionItems) = preProject
		LoonBestInSlot\Icons\add.tga = LoonBestInSlot\Icons\add.tga
		LoonBestInSlot\Icons\add_dis.tga = LoonBestInSlot\Icons\add_dis.tga
		LoonBestInSlot\Icons\add_down.tga = LoonBestInSlot\Icons\add_down.tga
		LoonBestInSlot\Icons\arrowdown.tga = LoonBestInSlot\Icons\arrowdown.tga
		LoonBestInSlot\Icons\arrowdown_dis.tga = LoonBestInSlot\Icons\arrowdown_dis.tga
		LoonBestInSlot\Icons\arrowdown_down.tga = LoonBestInSlot\Icons\arrowdown_down.tga
		LoonBestInSlot\Icons\arrowup.tga = LoonBestInSlot\Icons\arrowup.tga
		LoonBestInSlot\Icons\arrowup_dis.tga = LoonBestInSlot\Icons\arrowup_dis.tga
		LoonBestInSlot\Icons\arrowup_down.tga = LoonBestInSlot\Icons\arrowup_down.tga
		LoonBestInSlot\Icons\bag.tga = LoonBestInSlot\Icons\bag.tga
		LoonBestInSlot\Icons\bank.tga = LoonBestInSlot\Icons\bank.tga
		LoonBestInSlot\Icons\checkmark.tga = LoonBestInSlot\Icons\checkmark.tga
		LoonBestInSlot\Icons\close.tga = LoonBestInSlot\Icons\close.tga
		LoonBestInSlot\Icons\close_down.tga = LoonBestInSlot\Icons\close_down.tga
		LoonBestInSlot\Icons\delete.tga = LoonBestInSlot\Icons\delete.tga
		LoonBestInSlot\Icons\delete_down.tga = LoonBestInSlot\Icons\delete_down.tga
		LoonBestInSlot\Icons\loon.tga = LoonBestInSlot\Icons\loon.tga
		LoonBestInSlot\Icons\new_feature1.tga = LoonBestInSlot\Icons\new_feature1.tga
		LoonBestInSlot\Icons\new_feature2.tga = LoonBestInSlot\Icons\new_feature2.tga
		LoonBestInSlot\Icons\new_feature3.tga = LoonBestInSlot\Icons\new_feature3.tga
	EndProjectSection
EndProject
Project("{2150E333-8FDC-42A3-9474-1A3956D46DE8}") = "libs", "libs", "{5D7B4E6E-0F3B-4D5C-B6FE-1447C37D766C}"
	ProjectSection(SolutionItems) = preProject
		LoonBestInSlot\libs\CallbackHandler-1.0.lua = LoonBestInSlot\libs\CallbackHandler-1.0.lua
		LoonBestInSlot\libs\LibDataBroker-1.1.lua = LoonBestInSlot\libs\LibDataBroker-1.1.lua
		LoonBestInSlot\libs\LibDBIcon-1.0.lua = LoonBestInSlot\libs\LibDBIcon-1.0.lua
		LoonBestInSlot\libs\LibStub.lua = LoonBestInSlot\libs\LibStub.lua
	EndProjectSection
EndProject
Project("{2150E333-8FDC-42A3-9474-1A3956D46DE8}") = "Solution Items", "Solution Items", "{FC3ACBDB-76F6-40AD-80DF-68EE0D68E129}"
	ProjectSection(SolutionItems) = preProject
		Readme.md = Readme.md
	EndProjectSection
EndProject
Project("{2150E333-8FDC-42A3-9474-1A3956D46DE8}") = "Localization", "Localization", "{248C145B-5864-4FE2-80B1-42D3565F2193}"
	ProjectSection(SolutionItems) = preProject
		LoonBestInSlot\Localization\localization.core.lua = LoonBestInSlot\Localization\localization.core.lua
		LoonBestInSlot\Localization\localization.deDE.lua = LoonBestInSlot\Localization\localization.deDE.lua
		LoonBestInSlot\Localization\localization.esES.lua = LoonBestInSlot\Localization\localization.esES.lua
		LoonBestInSlot\Localization\localization.esMX.lua = LoonBestInSlot\Localization\localization.esMX.lua
		LoonBestInSlot\Localization\localization.frFR.lua = LoonBestInSlot\Localization\localization.frFR.lua
		LoonBestInSlot\Localization\localization.koKR.lua = LoonBestInSlot\Localization\localization.koKR.lua
		LoonBestInSlot\Localization\localization.ruRU.lua = LoonBestInSlot\Localization\localization.ruRU.lua
		LoonBestInSlot\Localization\Localization.xml = LoonBestInSlot\Localization\Localization.xml
		LoonBestInSlot\Localization\localization.zhCN.lua = LoonBestInSlot\Localization\localization.zhCN.lua
		LoonBestInSlot\Localization\localization.zhTW.lua = LoonBestInSlot\Localization\localization.zhTW.lua
	EndProjectSection
EndProject
Project("{2150E333-8FDC-42A3-9474-1A3956D46DE8}") = "AceConfig-3.0", "AceConfig-3.0", "{D120DA08-F676-42B9-8098-2932FCCC9423}"
	ProjectSection(SolutionItems) = preProject
		LoonBestInSlot\libs\AceConfig-3.0\AceConfig-3.0.lua = LoonBestInSlot\libs\AceConfig-3.0\AceConfig-3.0.lua
		LoonBestInSlot\libs\AceConfig-3.0\AceConfig-3.0.xml = LoonBestInSlot\libs\AceConfig-3.0\AceConfig-3.0.xml
	EndProjectSection
EndProject
Project("{2150E333-8FDC-42A3-9474-1A3956D46DE8}") = "AceConfigCmd-3.0", "AceConfigCmd-3.0", "{79943468-39CC-47B8-9BA2-D1BEB1481B22}"
	ProjectSection(SolutionItems) = preProject
		LoonBestInSlot\libs\AceConfig-3.0\AceConfigCmd-3.0\AceConfigCmd-3.0.lua = LoonBestInSlot\libs\AceConfig-3.0\AceConfigCmd-3.0\AceConfigCmd-3.0.lua
		LoonBestInSlot\libs\AceConfig-3.0\AceConfigCmd-3.0\AceConfigCmd-3.0.xml = LoonBestInSlot\libs\AceConfig-3.0\AceConfigCmd-3.0\AceConfigCmd-3.0.xml
	EndProjectSection
EndProject
Project("{2150E333-8FDC-42A3-9474-1A3956D46DE8}") = "AceConfigRegistry-3.0", "AceConfigRegistry-3.0", "{CB13DF8E-3A51-4230-B18B-153DB7041023}"
	ProjectSection(SolutionItems) = preProject
		LoonBestInSlot\libs\AceConfig-3.0\AceConfigRegistry-3.0\AceConfigRegistry-3.0.lua = LoonBestInSlot\libs\AceConfig-3.0\AceConfigRegistry-3.0\AceConfigRegistry-3.0.lua
		LoonBestInSlot\libs\AceConfig-3.0\AceConfigRegistry-3.0\AceConfigRegistry-3.0.xml = LoonBestInSlot\libs\AceConfig-3.0\AceConfigRegistry-3.0\AceConfigRegistry-3.0.xml
	EndProjectSection
EndProject
Project("{2150E333-8FDC-42A3-9474-1A3956D46DE8}") = "AceConfigDialog-3.0", "AceConfigDialog-3.0", "{FC51EBBB-FB32-4E7E-8104-05302B1A927A}"
	ProjectSection(SolutionItems) = preProject
		LoonBestInSlot\libs\AceConfig-3.0\AceConfigDialog-3.0\AceConfigDialog-3.0.lua = LoonBestInSlot\libs\AceConfig-3.0\AceConfigDialog-3.0\AceConfigDialog-3.0.lua
		LoonBestInSlot\libs\AceConfig-3.0\AceConfigDialog-3.0\AceConfigDialog-3.0.xml = LoonBestInSlot\libs\AceConfig-3.0\AceConfigDialog-3.0\AceConfigDialog-3.0.xml
	EndProjectSection
EndProject
Project("{2150E333-8FDC-42A3-9474-1A3956D46DE8}") = "AceGui-3.0", "AceGui-3.0", "{C2DDEA46-AE91-4617-BFB1-CD3EC89F76AE}"
	ProjectSection(SolutionItems) = preProject
		LoonBestInSlot\libs\AceGUI-3.0\AceGUI-3.0.lua = LoonBestInSlot\libs\AceGUI-3.0\AceGUI-3.0.lua
		LoonBestInSlot\libs\AceGUI-3.0\AceGUI-3.0.xml = LoonBestInSlot\libs\AceGUI-3.0\AceGUI-3.0.xml
	EndProjectSection
EndProject
Project("{2150E333-8FDC-42A3-9474-1A3956D46DE8}") = "widget", "widget", "{91BDD1B3-FDA7-4D71-BCA5-E4DCE65DEA86}"
	ProjectSection(SolutionItems) = preProject
		LoonBestInSlot\libs\AceGUI-3.0\widgets\AceGUIContainer-BlizOptionsGroup.lua = LoonBestInSlot\libs\AceGUI-3.0\widgets\AceGUIContainer-BlizOptionsGroup.lua
		LoonBestInSlot\libs\AceGUI-3.0\widgets\AceGUIContainer-DropDownGroup.lua = LoonBestInSlot\libs\AceGUI-3.0\widgets\AceGUIContainer-DropDownGroup.lua
		LoonBestInSlot\libs\AceGUI-3.0\widgets\AceGUIContainer-Frame.lua = LoonBestInSlot\libs\AceGUI-3.0\widgets\AceGUIContainer-Frame.lua
		LoonBestInSlot\libs\AceGUI-3.0\widgets\AceGUIContainer-InlineGroup.lua = LoonBestInSlot\libs\AceGUI-3.0\widgets\AceGUIContainer-InlineGroup.lua
		LoonBestInSlot\libs\AceGUI-3.0\widgets\AceGUIContainer-ScrollFrame.lua = LoonBestInSlot\libs\AceGUI-3.0\widgets\AceGUIContainer-ScrollFrame.lua
		LoonBestInSlot\libs\AceGUI-3.0\widgets\AceGUIContainer-SimpleGroup.lua = LoonBestInSlot\libs\AceGUI-3.0\widgets\AceGUIContainer-SimpleGroup.lua
		LoonBestInSlot\libs\AceGUI-3.0\widgets\AceGUIContainer-TabGroup.lua = LoonBestInSlot\libs\AceGUI-3.0\widgets\AceGUIContainer-TabGroup.lua
		LoonBestInSlot\libs\AceGUI-3.0\widgets\AceGUIContainer-TreeGroup.lua = LoonBestInSlot\libs\AceGUI-3.0\widgets\AceGUIContainer-TreeGroup.lua
		LoonBestInSlot\libs\AceGUI-3.0\widgets\AceGUIContainer-Window.lua = LoonBestInSlot\libs\AceGUI-3.0\widgets\AceGUIContainer-Window.lua
		LoonBestInSlot\libs\AceGUI-3.0\widgets\AceGUIWidget-Button.lua = LoonBestInSlot\libs\AceGUI-3.0\widgets\AceGUIWidget-Button.lua
		LoonBestInSlot\libs\AceGUI-3.0\widgets\AceGUIWidget-CheckBox.lua = LoonBestInSlot\libs\AceGUI-3.0\widgets\AceGUIWidget-CheckBox.lua
		LoonBestInSlot\libs\AceGUI-3.0\widgets\AceGUIWidget-ColorPicker.lua = LoonBestInSlot\libs\AceGUI-3.0\widgets\AceGUIWidget-ColorPicker.lua
		LoonBestInSlot\libs\AceGUI-3.0\widgets\AceGUIWidget-DropDown-Items.lua = LoonBestInSlot\libs\AceGUI-3.0\widgets\AceGUIWidget-DropDown-Items.lua
		LoonBestInSlot\libs\AceGUI-3.0\widgets\AceGUIWidget-DropDown.lua = LoonBestInSlot\libs\AceGUI-3.0\widgets\AceGUIWidget-DropDown.lua
		LoonBestInSlot\libs\AceGUI-3.0\widgets\AceGUIWidget-EditBox.lua = LoonBestInSlot\libs\AceGUI-3.0\widgets\AceGUIWidget-EditBox.lua
		LoonBestInSlot\libs\AceGUI-3.0\widgets\AceGUIWidget-Heading.lua = LoonBestInSlot\libs\AceGUI-3.0\widgets\AceGUIWidget-Heading.lua
		LoonBestInSlot\libs\AceGUI-3.0\widgets\AceGUIWidget-Icon.lua = LoonBestInSlot\libs\AceGUI-3.0\widgets\AceGUIWidget-Icon.lua
		LoonBestInSlot\libs\AceGUI-3.0\widgets\AceGUIWidget-InteractiveLabel.lua = LoonBestInSlot\libs\AceGUI-3.0\widgets\AceGUIWidget-InteractiveLabel.lua
		LoonBestInSlot\libs\AceGUI-3.0\widgets\AceGUIWidget-Keybinding.lua = LoonBestInSlot\libs\AceGUI-3.0\widgets\AceGUIWidget-Keybinding.lua
		LoonBestInSlot\libs\AceGUI-3.0\widgets\AceGUIWidget-Label.lua = LoonBestInSlot\libs\AceGUI-3.0\widgets\AceGUIWidget-Label.lua
		LoonBestInSlot\libs\AceGUI-3.0\widgets\AceGUIWidget-MultiLineEditBox.lua = LoonBestInSlot\libs\AceGUI-3.0\widgets\AceGUIWidget-MultiLineEditBox.lua
		LoonBestInSlot\libs\AceGUI-3.0\widgets\AceGUIWidget-Slider.lua = LoonBestInSlot\libs\AceGUI-3.0\widgets\AceGUIWidget-Slider.lua
	EndProjectSection
EndProject
Project("{2150E333-8FDC-42A3-9474-1A3956D46DE8}") = "UI", "UI", "{E64D2CE7-C8D7-4DBE-9EE0-54BACA0579CC}"
	ProjectSection(SolutionItems) = preProject
		LoonBestInSlot\UI\AutoComplete.lua = LoonBestInSlot\UI\AutoComplete.lua
		LoonBestInSlot\UI\CustomEditList.lua = LoonBestInSlot\UI\CustomEditList.lua
		LoonBestInSlot\UI\CustomItemList.lua = LoonBestInSlot\UI\CustomItemList.lua
		LoonBestInSlot\UI\EnchantList.lua = LoonBestInSlot\UI\EnchantList.lua
		LoonBestInSlot\UI\GemList.lua = LoonBestInSlot\UI\GemList.lua
		LoonBestInSlot\UI\ItemList.lua = LoonBestInSlot\UI\ItemList.lua
		LoonBestInSlot\UI\LootBrowser.lua = LoonBestInSlot\UI\LootBrowser.lua
		LoonBestInSlot\UI\NewFeaturesWindow.lua = LoonBestInSlot\UI\NewFeaturesWindow.lua
		LoonBestInSlot\UI\SearchFrame.lua = LoonBestInSlot\UI\SearchFrame.lua
	EndProjectSection
EndProject
Project("{2150E333-8FDC-42A3-9474-1A3956D46DE8}") = "LibUIDropDownMenu", "LibUIDropDownMenu", "{174CB7EB-7975-4A61-BFDD-3CED6D04FA17}"
	ProjectSection(SolutionItems) = preProject
		LoonBestInSlot\libs\LibUIDropDownMenu\LibEasyMenu.lua = LoonBestInSlot\libs\LibUIDropDownMenu\LibEasyMenu.lua
		LoonBestInSlot\libs\LibUIDropDownMenu\LibUIDropDownMenu.lua = LoonBestInSlot\libs\LibUIDropDownMenu\LibUIDropDownMenu.lua
		LoonBestInSlot\libs\LibUIDropDownMenu\LibUIDropDownMenu.xml = LoonBestInSlot\libs\LibUIDropDownMenu\LibUIDropDownMenu.xml
	EndProjectSection
EndProject
Project("{9A19103F-16F7-4668-BE54-9A1E7A4F7556}") = "AddonManager.Ui", "AddonManager.Ui\AddonManager.Ui.csproj", "{7449193D-84F6-418F-8E56-7C0C4D8B725C}"
EndProject
Project("{2150E333-8FDC-42A3-9474-1A3956D46DE8}") = "DB", "DB", "{71B13F0F-1281-47E2-BEC9-4D7D3021AAC4}"
	ProjectSection(SolutionItems) = preProject
		LoonBestInSlot\DB\EnchantSources.lua = LoonBestInSlot\DB\EnchantSources.lua
		LoonBestInSlot\DB\GemSources.lua = LoonBestInSlot\DB\GemSources.lua
		LoonBestInSlot\DB\ItemSources.lua = LoonBestInSlot\DB\ItemSources.lua
		LoonBestInSlot\DB\TierSources.lua = LoonBestInSlot\DB\TierSources.lua
	EndProjectSection
EndProject
Project("{2150E333-8FDC-42A3-9474-1A3956D46DE8}") = "Guides", "Guides", "{64AD1802-BE68-4140-A2E9-588BA891143B}"
	ProjectSection(SolutionItems) = preProject
		LoonBestInSlot\Guides\DeathKnightBlood.lua = LoonBestInSlot\Guides\DeathKnightBlood.lua
		LoonBestInSlot\Guides\DeathKnightFrost.lua = LoonBestInSlot\Guides\DeathKnightFrost.lua
		LoonBestInSlot\Guides\DeathKnightUnholy.lua = LoonBestInSlot\Guides\DeathKnightUnholy.lua
		LoonBestInSlot\Guides\DruidBalance.lua = LoonBestInSlot\Guides\DruidBalance.lua
		LoonBestInSlot\Guides\DruidBear.lua = LoonBestInSlot\Guides\DruidBear.lua
		LoonBestInSlot\Guides\DruidCat.lua = LoonBestInSlot\Guides\DruidCat.lua
		LoonBestInSlot\Guides\DruidRestoration.lua = LoonBestInSlot\Guides\DruidRestoration.lua
		LoonBestInSlot\Guides\Guides.xml = LoonBestInSlot\Guides\Guides.xml
		LoonBestInSlot\Guides\HunterBeastMastery.lua = LoonBestInSlot\Guides\HunterBeastMastery.lua
		LoonBestInSlot\Guides\HunterMarksmanship.lua = LoonBestInSlot\Guides\HunterMarksmanship.lua
		LoonBestInSlot\Guides\HunterSurvival.lua = LoonBestInSlot\Guides\HunterSurvival.lua
		LoonBestInSlot\Guides\MageArcane.lua = LoonBestInSlot\Guides\MageArcane.lua
		LoonBestInSlot\Guides\MageFire.lua = LoonBestInSlot\Guides\MageFire.lua
		LoonBestInSlot\Guides\MageFrost.lua = LoonBestInSlot\Guides\MageFrost.lua
		LoonBestInSlot\Guides\PaladinHoly.lua = LoonBestInSlot\Guides\PaladinHoly.lua
		LoonBestInSlot\Guides\PaladinProtection.lua = LoonBestInSlot\Guides\PaladinProtection.lua
		LoonBestInSlot\Guides\PaladinRetribution.lua = LoonBestInSlot\Guides\PaladinRetribution.lua
		LoonBestInSlot\Guides\PriestDiscipline.lua = LoonBestInSlot\Guides\PriestDiscipline.lua
		LoonBestInSlot\Guides\PriestHoly.lua = LoonBestInSlot\Guides\PriestHoly.lua
		LoonBestInSlot\Guides\PriestShadow.lua = LoonBestInSlot\Guides\PriestShadow.lua
		LoonBestInSlot\Guides\RogueAssassination.lua = LoonBestInSlot\Guides\RogueAssassination.lua
		LoonBestInSlot\Guides\RogueCombat.lua = LoonBestInSlot\Guides\RogueCombat.lua
		LoonBestInSlot\Guides\RogueSubtlety.lua = LoonBestInSlot\Guides\RogueSubtlety.lua
		LoonBestInSlot\Guides\ShamanElemental.lua = LoonBestInSlot\Guides\ShamanElemental.lua
		LoonBestInSlot\Guides\ShamanEnhancement.lua = LoonBestInSlot\Guides\ShamanEnhancement.lua
		LoonBestInSlot\Guides\ShamanRestoration.lua = LoonBestInSlot\Guides\ShamanRestoration.lua
		LoonBestInSlot\Guides\WarlockAffliction.lua = LoonBestInSlot\Guides\WarlockAffliction.lua
		LoonBestInSlot\Guides\WarlockDemonology.lua = LoonBestInSlot\Guides\WarlockDemonology.lua
		LoonBestInSlot\Guides\WarlockDestruction.lua = LoonBestInSlot\Guides\WarlockDestruction.lua
		LoonBestInSlot\Guides\WarriorArms.lua = LoonBestInSlot\Guides\WarriorArms.lua
		LoonBestInSlot\Guides\WarriorFury.lua = LoonBestInSlot\Guides\WarriorFury.lua
		LoonBestInSlot\Guides\WarriorProtection.lua = LoonBestInSlot\Guides\WarriorProtection.lua
	EndProjectSection
EndProject
Global
	GlobalSection(SolutionConfigurationPlatforms) = preSolution
		Debug|Any CPU = Debug|Any CPU
		Debug|ARM64 = Debug|ARM64
		Debug|x64 = Debug|x64
		Debug|x86 = Debug|x86
		Release|Any CPU = Release|Any CPU
		Release|ARM64 = Release|ARM64
		Release|x64 = Release|x64
		Release|x86 = Release|x86
	EndGlobalSection
	GlobalSection(ProjectConfigurationPlatforms) = postSolution
		{F209D92A-FC25-4EA9-8C90-225F72146230}.Debug|Any CPU.ActiveCfg = Debug|Any CPU
		{F209D92A-FC25-4EA9-8C90-225F72146230}.Debug|Any CPU.Build.0 = Debug|Any CPU
		{F209D92A-FC25-4EA9-8C90-225F72146230}.Debug|ARM64.ActiveCfg = Debug|Any CPU
		{F209D92A-FC25-4EA9-8C90-225F72146230}.Debug|ARM64.Build.0 = Debug|Any CPU
		{F209D92A-FC25-4EA9-8C90-225F72146230}.Debug|x64.ActiveCfg = Debug|Any CPU
		{F209D92A-FC25-4EA9-8C90-225F72146230}.Debug|x64.Build.0 = Debug|Any CPU
		{F209D92A-FC25-4EA9-8C90-225F72146230}.Debug|x86.ActiveCfg = Debug|Any CPU
		{F209D92A-FC25-4EA9-8C90-225F72146230}.Debug|x86.Build.0 = Debug|Any CPU
		{F209D92A-FC25-4EA9-8C90-225F72146230}.Release|Any CPU.ActiveCfg = Release|Any CPU
		{F209D92A-FC25-4EA9-8C90-225F72146230}.Release|Any CPU.Build.0 = Release|Any CPU
		{F209D92A-FC25-4EA9-8C90-225F72146230}.Release|ARM64.ActiveCfg = Release|Any CPU
		{F209D92A-FC25-4EA9-8C90-225F72146230}.Release|ARM64.Build.0 = Release|Any CPU
		{F209D92A-FC25-4EA9-8C90-225F72146230}.Release|x64.ActiveCfg = Release|Any CPU
		{F209D92A-FC25-4EA9-8C90-225F72146230}.Release|x64.Build.0 = Release|Any CPU
		{F209D92A-FC25-4EA9-8C90-225F72146230}.Release|x86.ActiveCfg = Release|Any CPU
		{F209D92A-FC25-4EA9-8C90-225F72146230}.Release|x86.Build.0 = Release|Any CPU
		{7449193D-84F6-418F-8E56-7C0C4D8B725C}.Debug|Any CPU.ActiveCfg = Debug|x64
		{7449193D-84F6-418F-8E56-7C0C4D8B725C}.Debug|Any CPU.Build.0 = Debug|x64
		{7449193D-84F6-418F-8E56-7C0C4D8B725C}.Debug|Any CPU.Deploy.0 = Debug|x64
		{7449193D-84F6-418F-8E56-7C0C4D8B725C}.Debug|ARM64.ActiveCfg = Debug|ARM64
		{7449193D-84F6-418F-8E56-7C0C4D8B725C}.Debug|ARM64.Build.0 = Debug|ARM64
		{7449193D-84F6-418F-8E56-7C0C4D8B725C}.Debug|ARM64.Deploy.0 = Debug|ARM64
		{7449193D-84F6-418F-8E56-7C0C4D8B725C}.Debug|x64.ActiveCfg = Debug|x64
		{7449193D-84F6-418F-8E56-7C0C4D8B725C}.Debug|x64.Build.0 = Debug|x64
		{7449193D-84F6-418F-8E56-7C0C4D8B725C}.Debug|x64.Deploy.0 = Debug|x64
		{7449193D-84F6-418F-8E56-7C0C4D8B725C}.Debug|x86.ActiveCfg = Debug|x86
		{7449193D-84F6-418F-8E56-7C0C4D8B725C}.Debug|x86.Build.0 = Debug|x86
		{7449193D-84F6-418F-8E56-7C0C4D8B725C}.Debug|x86.Deploy.0 = Debug|x86
		{7449193D-84F6-418F-8E56-7C0C4D8B725C}.Release|Any CPU.ActiveCfg = Release|x64
		{7449193D-84F6-418F-8E56-7C0C4D8B725C}.Release|Any CPU.Build.0 = Release|x64
		{7449193D-84F6-418F-8E56-7C0C4D8B725C}.Release|Any CPU.Deploy.0 = Release|x64
		{7449193D-84F6-418F-8E56-7C0C4D8B725C}.Release|ARM64.ActiveCfg = Release|ARM64
		{7449193D-84F6-418F-8E56-7C0C4D8B725C}.Release|ARM64.Build.0 = Release|ARM64
		{7449193D-84F6-418F-8E56-7C0C4D8B725C}.Release|ARM64.Deploy.0 = Release|ARM64
		{7449193D-84F6-418F-8E56-7C0C4D8B725C}.Release|x64.ActiveCfg = Release|x64
		{7449193D-84F6-418F-8E56-7C0C4D8B725C}.Release|x64.Build.0 = Release|x64
		{7449193D-84F6-418F-8E56-7C0C4D8B725C}.Release|x64.Deploy.0 = Release|x64
		{7449193D-84F6-418F-8E56-7C0C4D8B725C}.Release|x86.ActiveCfg = Release|x86
		{7449193D-84F6-418F-8E56-7C0C4D8B725C}.Release|x86.Build.0 = Release|x86
		{7449193D-84F6-418F-8E56-7C0C4D8B725C}.Release|x86.Deploy.0 = Release|x86
	EndGlobalSection
	GlobalSection(SolutionProperties) = preSolution
		HideSolutionNode = FALSE
	EndGlobalSection
	GlobalSection(NestedProjects) = preSolution
		{6CCD2B99-F189-4674-A1A1-9B8BB8954ECD} = {FD14C287-3398-46A3-BCC5-F8C68903B6ED}
		{5D7B4E6E-0F3B-4D5C-B6FE-1447C37D766C} = {FD14C287-3398-46A3-BCC5-F8C68903B6ED}
		{248C145B-5864-4FE2-80B1-42D3565F2193} = {FD14C287-3398-46A3-BCC5-F8C68903B6ED}
		{D120DA08-F676-42B9-8098-2932FCCC9423} = {5D7B4E6E-0F3B-4D5C-B6FE-1447C37D766C}
		{79943468-39CC-47B8-9BA2-D1BEB1481B22} = {D120DA08-F676-42B9-8098-2932FCCC9423}
		{CB13DF8E-3A51-4230-B18B-153DB7041023} = {D120DA08-F676-42B9-8098-2932FCCC9423}
		{FC51EBBB-FB32-4E7E-8104-05302B1A927A} = {D120DA08-F676-42B9-8098-2932FCCC9423}
		{C2DDEA46-AE91-4617-BFB1-CD3EC89F76AE} = {5D7B4E6E-0F3B-4D5C-B6FE-1447C37D766C}
		{91BDD1B3-FDA7-4D71-BCA5-E4DCE65DEA86} = {C2DDEA46-AE91-4617-BFB1-CD3EC89F76AE}
		{E64D2CE7-C8D7-4DBE-9EE0-54BACA0579CC} = {FD14C287-3398-46A3-BCC5-F8C68903B6ED}
		{174CB7EB-7975-4A61-BFDD-3CED6D04FA17} = {5D7B4E6E-0F3B-4D5C-B6FE-1447C37D766C}
		{71B13F0F-1281-47E2-BEC9-4D7D3021AAC4} = {FD14C287-3398-46A3-BCC5-F8C68903B6ED}
		{64AD1802-BE68-4140-A2E9-588BA891143B} = {FD14C287-3398-46A3-BCC5-F8C68903B6ED}
	EndGlobalSection
	GlobalSection(ExtensibilityGlobals) = postSolution
		SolutionGuid = {1EC8A0A9-B7E7-48E2-9272-317A8A0C0916}
	EndGlobalSection
EndGlobal
