
Microsoft Visual Studio Solution File, Format Version 12.00
# Visual Studio Version 17
VisualStudioVersion = 17.0.32112.339
MinimumVisualStudioVersion = 10.0.40219.1
Project("{9A19103F-16F7-4668-BE54-9A1E7A4F7556}") = "AddonManager", "AddonManager\AddonManager.csproj", "{F209D92A-FC25-4EA9-8C90-225F72146230}"
EndProject
Project("{2150E333-8FDC-42A3-9474-1A3956D46DE8}") = "LoonBestInSlot", "LoonBestInSlot", "{FD14C287-3398-46A3-BCC5-F8C68903B6ED}"
	ProjectSection(SolutionItems) = preProject
		LoonBestInSlot\Common.lua = LoonBestInSlot\Common.lua
		LoonBestInSlot\ItemSources.lua = LoonBestInSlot\ItemSources.lua
		LoonBestInSlot\LoonBestInSlot.lua = LoonBestInSlot\LoonBestInSlot.lua
		LoonBestInSlot\LoonBestInSlot.toc = LoonBestInSlot\LoonBestInSlot.toc
		LoonBestInSlot\LootBrowser.lua = LoonBestInSlot\LootBrowser.lua
		LoonBestInSlot\MinimapButton.lua = LoonBestInSlot\MinimapButton.lua
		LoonBestInSlot\UpdateTooltips.lua = LoonBestInSlot\UpdateTooltips.lua
		LoonBestInSlot\UserItemCache.lua = LoonBestInSlot\UserItemCache.lua
	EndProjectSection
EndProject
Project("{2150E333-8FDC-42A3-9474-1A3956D46DE8}") = "Items", "Items", "{E5262055-9D44-46C9-9D9D-795B29095129}"
	ProjectSection(SolutionItems) = preProject
		LoonBestInSlot\Items\BIS.xml = LoonBestInSlot\Items\BIS.xml
		LoonBestInSlot\Items\DruidBalance.lua = LoonBestInSlot\Items\DruidBalance.lua
		LoonBestInSlot\Items\DruidBear.lua = LoonBestInSlot\Items\DruidBear.lua
		LoonBestInSlot\Items\DruidCat.lua = LoonBestInSlot\Items\DruidCat.lua
		LoonBestInSlot\Items\DruidRestoration.lua = LoonBestInSlot\Items\DruidRestoration.lua
		LoonBestInSlot\Items\Hunter.lua = LoonBestInSlot\Items\Hunter.lua
		LoonBestInSlot\Items\Mage.lua = LoonBestInSlot\Items\Mage.lua
		LoonBestInSlot\Items\PaladinHoly.lua = LoonBestInSlot\Items\PaladinHoly.lua
		LoonBestInSlot\Items\PaladinProtection.lua = LoonBestInSlot\Items\PaladinProtection.lua
		LoonBestInSlot\Items\PaladinRetribution.lua = LoonBestInSlot\Items\PaladinRetribution.lua
		LoonBestInSlot\Items\PriestHoly.lua = LoonBestInSlot\Items\PriestHoly.lua
		LoonBestInSlot\Items\PriestShadow.lua = LoonBestInSlot\Items\PriestShadow.lua
		LoonBestInSlot\Items\Rogue.lua = LoonBestInSlot\Items\Rogue.lua
		LoonBestInSlot\Items\ShamanElemental.lua = LoonBestInSlot\Items\ShamanElemental.lua
		LoonBestInSlot\Items\ShamanEnhancement.lua = LoonBestInSlot\Items\ShamanEnhancement.lua
		LoonBestInSlot\Items\ShamanRestoration.lua = LoonBestInSlot\Items\ShamanRestoration.lua
		LoonBestInSlot\Items\Warlock.lua = LoonBestInSlot\Items\Warlock.lua
		LoonBestInSlot\Items\WarriorDPS.lua = LoonBestInSlot\Items\WarriorDPS.lua
		LoonBestInSlot\Items\WarriorProtection.lua = LoonBestInSlot\Items\WarriorProtection.lua
	EndProjectSection
EndProject
Project("{2150E333-8FDC-42A3-9474-1A3956D46DE8}") = "Icons", "Icons", "{6CCD2B99-F189-4674-A1A1-9B8BB8954ECD}"
	ProjectSection(SolutionItems) = preProject
		LoonBestInSlot\Icons\bag.tga = LoonBestInSlot\Icons\bag.tga
		LoonBestInSlot\Icons\bank.tga = LoonBestInSlot\Icons\bank.tga
		LoonBestInSlot\Icons\checkmark.tga = LoonBestInSlot\Icons\checkmark.tga
		LoonBestInSlot\Icons\loon.tga = LoonBestInSlot\Icons\loon.tga
		LoonBestInSlot\Icons\milogo.tga = LoonBestInSlot\Icons\milogo.tga
	EndProjectSection
EndProject
Project("{2150E333-8FDC-42A3-9474-1A3956D46DE8}") = "libs", "libs", "{5D7B4E6E-0F3B-4D5C-B6FE-1447C37D766C}"
	ProjectSection(SolutionItems) = preProject
		LoonBestInSlot\libs\LibDataBroker-1.1.lua = LoonBestInSlot\libs\LibDataBroker-1.1.lua
		LoonBestInSlot\libs\LibDBIcon-1.0.lua = LoonBestInSlot\libs\LibDBIcon-1.0.lua
		LoonBestInSlot\libs\LibStub.lua = LoonBestInSlot\libs\LibStub.lua
	EndProjectSection
EndProject
Project("{2150E333-8FDC-42A3-9474-1A3956D46DE8}") = "LibExtraTip", "LibExtraTip", "{D5FED119-E194-43B0-A4AD-5A6B42A07CE8}"
	ProjectSection(SolutionItems) = preProject
		LoonBestInSlot\libs\LibExtraTip\API.html = LoonBestInSlot\libs\LibExtraTip\API.html
		LoonBestInSlot\libs\LibExtraTip\API.txt = LoonBestInSlot\libs\LibExtraTip\API.txt
		LoonBestInSlot\libs\LibExtraTip\LibExtraTip.lua = LoonBestInSlot\libs\LibExtraTip\LibExtraTip.lua
		LoonBestInSlot\libs\LibExtraTip\LibExtraTip.toc = LoonBestInSlot\libs\LibExtraTip\LibExtraTip.toc
		LoonBestInSlot\libs\LibExtraTip\LibMoneyFrame.lua = LoonBestInSlot\libs\LibExtraTip\LibMoneyFrame.lua
		LoonBestInSlot\libs\LibExtraTip\Load.xml = LoonBestInSlot\libs\LibExtraTip\Load.xml
	EndProjectSection
EndProject
Project("{2150E333-8FDC-42A3-9474-1A3956D46DE8}") = "Support", "Support", "{F190ACBF-2A49-4D83-9F69-7E521FBA2016}"
	ProjectSection(SolutionItems) = preProject
		LoonBestInSlot\libs\LibExtraTip\Support\LibRevision.lua = LoonBestInSlot\libs\LibExtraTip\Support\LibRevision.lua
		LoonBestInSlot\libs\LibExtraTip\Support\LibStub.lua = LoonBestInSlot\libs\LibExtraTip\Support\LibStub.lua
		LoonBestInSlot\libs\LibExtraTip\Support\Load.xml = LoonBestInSlot\libs\LibExtraTip\Support\Load.xml
	EndProjectSection
EndProject
Global
	GlobalSection(SolutionConfigurationPlatforms) = preSolution
		Debug|Any CPU = Debug|Any CPU
		Release|Any CPU = Release|Any CPU
	EndGlobalSection
	GlobalSection(ProjectConfigurationPlatforms) = postSolution
		{F209D92A-FC25-4EA9-8C90-225F72146230}.Debug|Any CPU.ActiveCfg = Debug|Any CPU
		{F209D92A-FC25-4EA9-8C90-225F72146230}.Debug|Any CPU.Build.0 = Debug|Any CPU
		{F209D92A-FC25-4EA9-8C90-225F72146230}.Release|Any CPU.ActiveCfg = Release|Any CPU
		{F209D92A-FC25-4EA9-8C90-225F72146230}.Release|Any CPU.Build.0 = Release|Any CPU
	EndGlobalSection
	GlobalSection(SolutionProperties) = preSolution
		HideSolutionNode = FALSE
	EndGlobalSection
	GlobalSection(NestedProjects) = preSolution
		{E5262055-9D44-46C9-9D9D-795B29095129} = {FD14C287-3398-46A3-BCC5-F8C68903B6ED}
		{6CCD2B99-F189-4674-A1A1-9B8BB8954ECD} = {FD14C287-3398-46A3-BCC5-F8C68903B6ED}
		{5D7B4E6E-0F3B-4D5C-B6FE-1447C37D766C} = {FD14C287-3398-46A3-BCC5-F8C68903B6ED}
		{D5FED119-E194-43B0-A4AD-5A6B42A07CE8} = {5D7B4E6E-0F3B-4D5C-B6FE-1447C37D766C}
		{F190ACBF-2A49-4D83-9F69-7E521FBA2016} = {D5FED119-E194-43B0-A4AD-5A6B42A07CE8}
	EndGlobalSection
	GlobalSection(ExtensibilityGlobals) = postSolution
		SolutionGuid = {1EC8A0A9-B7E7-48E2-9272-317A8A0C0916}
	EndGlobalSection
EndGlobal
